
Microsoft Visual Studio Solution File, Format Version 12.00
# Visual Studio Version 16
VisualStudioVersion = 16.0.29926.136
MinimumVisualStudioVersion = 10.0.40219.1
Project("{FAE04EC0-301F-11D3-BF4B-00C04F79EFBC}") = "LayoutApp.UWP", "LayoutApp\LayoutApp.UWP\LayoutApp.UWP.csproj", "{B868AA33-4491-4747-939B-D17DC282255B}"
EndProject
Project("{FAE04EC0-301F-11D3-BF4B-00C04F79EFBC}") = "LayoutApp", "LayoutApp\LayoutApp\LayoutApp.csproj", "{114DA6A4-9993-4D2A-8668-9A8A510C6598}"
EndProject
Global
	GlobalSection(SolutionConfigurationPlatforms) = preSolution
		Debug|Any CPU = Debug|Any CPU
		Debug|ARM = Debug|ARM
		Debug|iPhone = Debug|iPhone
		Debug|iPhoneSimulator = Debug|iPhoneSimulator
		Debug|x64 = Debug|x64
		Debug|x86 = Debug|x86
		Release|Any CPU = Release|Any CPU
		Release|ARM = Release|ARM
		Release|iPhone = Release|iPhone
		Release|iPhoneSimulator = Release|iPhoneSimulator
		Release|x64 = Release|x64
		Release|x86 = Release|x86
	EndGlobalSection
	GlobalSection(ProjectConfigurationPlatforms) = postSolution
		{B868AA33-4491-4747-939B-D17DC282255B}.Debug|Any CPU.ActiveCfg = Debug|x86
		{B868AA33-4491-4747-939B-D17DC282255B}.Debug|Any CPU.Build.0 = Debug|x86
		{B868AA33-4491-4747-939B-D17DC282255B}.Debug|Any CPU.Deploy.0 = Debug|x86
		{B868AA33-4491-4747-939B-D17DC282255B}.Debug|ARM.ActiveCfg = Debug|ARM
		{B868AA33-4491-4747-939B-D17DC282255B}.Debug|ARM.Build.0 = Debug|ARM
		{B868AA33-4491-4747-939B-D17DC282255B}.Debug|ARM.Deploy.0 = Debug|ARM
		{B868AA33-4491-4747-939B-D17DC282255B}.Debug|iPhone.ActiveCfg = Debug|x86
		{B868AA33-4491-4747-939B-D17DC282255B}.Debug|iPhone.Build.0 = Debug|x86
		{B868AA33-4491-4747-939B-D17DC282255B}.Debug|iPhone.Deploy.0 = Debug|x86
		{B868AA33-4491-4747-939B-D17DC282255B}.Debug|iPhoneSimulator.ActiveCfg = Debug|x86
		{B868AA33-4491-4747-939B-D17DC282255B}.Debug|iPhoneSimulator.Build.0 = Debug|x86
		{B868AA33-4491-4747-939B-D17DC282255B}.Debug|iPhoneSimulator.Deploy.0 = Debug|x86
		{B868AA33-4491-4747-939B-D17DC282255B}.Debug|x64.ActiveCfg = Debug|x64
		{B868AA33-4491-4747-939B-D17DC282255B}.Debug|x64.Build.0 = Debug|x64
		{B868AA33-4491-4747-939B-D17DC282255B}.Debug|x64.Deploy.0 = Debug|x64
		{B868AA33-4491-4747-939B-D17DC282255B}.Debug|x86.ActiveCfg = Debug|x86
		{B868AA33-4491-4747-939B-D17DC282255B}.Debug|x86.Build.0 = Debug|x86
		{B868AA33-4491-4747-939B-D17DC282255B}.Debug|x86.Deploy.0 = Debug|x86
		{B868AA33-4491-4747-939B-D17DC282255B}.Release|Any CPU.ActiveCfg = Release|x86
		{B868AA33-4491-4747-939B-D17DC282255B}.Release|Any CPU.Build.0 = Release|x86
		{B868AA33-4491-4747-939B-D17DC282255B}.Release|Any CPU.Deploy.0 = Release|x86
		{B868AA33-4491-4747-939B-D17DC282255B}.Release|ARM.ActiveCfg = Release|ARM
		{B868AA33-4491-4747-939B-D17DC282255B}.Release|ARM.Build.0 = Release|ARM
		{B868AA33-4491-4747-939B-D17DC282255B}.Release|ARM.Deploy.0 = Release|ARM
		{B868AA33-4491-4747-939B-D17DC282255B}.Release|iPhone.ActiveCfg = Release|x86
		{B868AA33-4491-4747-939B-D17DC282255B}.Release|iPhone.Build.0 = Release|x86
		{B868AA33-4491-4747-939B-D17DC282255B}.Release|iPhone.Deploy.0 = Release|x86
		{B868AA33-4491-4747-939B-D17DC282255B}.Release|iPhoneSimulator.ActiveCfg = Release|x86
		{B868AA33-4491-4747-939B-D17DC282255B}.Release|iPhoneSimulator.Build.0 = Release|x86
		{B868AA33-4491-4747-939B-D17DC282255B}.Release|iPhoneSimulator.Deploy.0 = Release|x86
		{B868AA33-4491-4747-939B-D17DC282255B}.Release|x64.ActiveCfg = Release|x64
		{B868AA33-4491-4747-939B-D17DC282255B}.Release|x64.Build.0 = Release|x64
		{B868AA33-4491-4747-939B-D17DC282255B}.Release|x64.Deploy.0 = Release|x64
		{B868AA33-4491-4747-939B-D17DC282255B}.Release|x86.ActiveCfg = Release|x86
		{B868AA33-4491-4747-939B-D17DC282255B}.Release|x86.Build.0 = Release|x86
		{B868AA33-4491-4747-939B-D17DC282255B}.Release|x86.Deploy.0 = Release|x86
		{114DA6A4-9993-4D2A-8668-9A8A510C6598}.Debug|Any CPU.ActiveCfg = Debug|Any CPU
		{114DA6A4-9993-4D2A-8668-9A8A510C6598}.Debug|Any CPU.Build.0 = Debug|Any CPU
		{114DA6A4-9993-4D2A-8668-9A8A510C6598}.Debug|Any CPU.Deploy.0 = Debug|Any CPU
		{114DA6A4-9993-4D2A-8668-9A8A510C6598}.Debug|ARM.ActiveCfg = Debug|Any CPU
		{114DA6A4-9993-4D2A-8668-9A8A510C6598}.Debug|ARM.Build.0 = Debug|Any CPU
		{114DA6A4-9993-4D2A-8668-9A8A510C6598}.Debug|ARM.Deploy.0 = Debug|Any CPU
		{114DA6A4-9993-4D2A-8668-9A8A510C6598}.Debug|iPhone.ActiveCfg = Debug|Any CPU
		{114DA6A4-9993-4D2A-8668-9A8A510C6598}.Debug|iPhone.Build.0 = Debug|Any CPU
		{114DA6A4-9993-4D2A-8668-9A8A510C6598}.Debug|iPhone.Deploy.0 = Debug|Any CPU
		{114DA6A4-9993-4D2A-8668-9A8A510C6598}.Debug|iPhoneSimulator.ActiveCfg = Debug|Any CPU
		{114DA6A4-9993-4D2A-8668-9A8A510C6598}.Debug|iPhoneSimulator.Build.0 = Debug|Any CPU
		{114DA6A4-9993-4D2A-8668-9A8A510C6598}.Debug|iPhoneSimulator.Deploy.0 = Debug|Any CPU
		{114DA6A4-9993-4D2A-8668-9A8A510C6598}.Debug|x64.ActiveCfg = Debug|Any CPU
		{114DA6A4-9993-4D2A-8668-9A8A510C6598}.Debug|x64.Build.0 = Debug|Any CPU
		{114DA6A4-9993-4D2A-8668-9A8A510C6598}.Debug|x64.Deploy.0 = Debug|Any CPU
		{114DA6A4-9993-4D2A-8668-9A8A510C6598}.Debug|x86.ActiveCfg = Debug|Any CPU
		{114DA6A4-9993-4D2A-8668-9A8A510C6598}.Debug|x86.Build.0 = Debug|Any CPU
		{114DA6A4-9993-4D2A-8668-9A8A510C6598}.Debug|x86.Deploy.0 = Debug|Any CPU
		{114DA6A4-9993-4D2A-8668-9A8A510C6598}.Release|Any CPU.ActiveCfg = Release|Any CPU
		{114DA6A4-9993-4D2A-8668-9A8A510C6598}.Release|Any CPU.Build.0 = Release|Any CPU
		{114DA6A4-9993-4D2A-8668-9A8A510C6598}.Release|Any CPU.Deploy.0 = Release|Any CPU
		{114DA6A4-9993-4D2A-8668-9A8A510C6598}.Release|ARM.ActiveCfg = Release|Any CPU
		{114DA6A4-9993-4D2A-8668-9A8A510C6598}.Release|ARM.Build.0 = Release|Any CPU
		{114DA6A4-9993-4D2A-8668-9A8A510C6598}.Release|ARM.Deploy.0 = Release|Any CPU
		{114DA6A4-9993-4D2A-8668-9A8A510C6598}.Release|iPhone.ActiveCfg = Release|Any CPU
		{114DA6A4-9993-4D2A-8668-9A8A510C6598}.Release|iPhone.Build.0 = Release|Any CPU
		{114DA6A4-9993-4D2A-8668-9A8A510C6598}.Release|iPhone.Deploy.0 = Release|Any CPU
		{114DA6A4-9993-4D2A-8668-9A8A510C6598}.Release|iPhoneSimulator.ActiveCfg = Release|Any CPU
		{114DA6A4-9993-4D2A-8668-9A8A510C6598}.Release|iPhoneSimulator.Build.0 = Release|Any CPU
		{114DA6A4-9993-4D2A-8668-9A8A510C6598}.Release|iPhoneSimulator.Deploy.0 = Release|Any CPU
		{114DA6A4-9993-4D2A-8668-9A8A510C6598}.Release|x64.ActiveCfg = Release|Any CPU
		{114DA6A4-9993-4D2A-8668-9A8A510C6598}.Release|x64.Build.0 = Release|Any CPU
		{114DA6A4-9993-4D2A-8668-9A8A510C6598}.Release|x64.Deploy.0 = Release|Any CPU
		{114DA6A4-9993-4D2A-8668-9A8A510C6598}.Release|x86.ActiveCfg = Release|Any CPU
		{114DA6A4-9993-4D2A-8668-9A8A510C6598}.Release|x86.Build.0 = Release|Any CPU
		{114DA6A4-9993-4D2A-8668-9A8A510C6598}.Release|x86.Deploy.0 = Release|Any CPU
	EndGlobalSection
	GlobalSection(SolutionProperties) = preSolution
		HideSolutionNode = FALSE
	EndGlobalSection
	GlobalSection(ExtensibilityGlobals) = postSolution
		SolutionGuid = {49D26695-30B9-4BD7-A86C-DDDDA94B5CCD}
	EndGlobalSection
EndGlobal
