
Microsoft Visual Studio Solution File, Format Version 12.00
# Visual Studio Version 16
VisualStudioVersion = 16.0.29926.136
MinimumVisualStudioVersion = 10.0.40219.1
Project("{FAE04EC0-301F-11D3-BF4B-00C04F79EFBC}") = "VinylVault.UWP", "VinylVault\VinylVault.UWP\VinylVault.UWP.csproj", "{B012B864-A964-4BC5-AB22-B13461E5F4F1}"
EndProject
Project("{9A19103F-16F7-4668-BE54-9A1E7A4F7556}") = "VinylVault", "VinylVault\VinylVault\VinylVault.csproj", "{C8D22AB6-AEAC-47FB-9006-91C4C49C08FB}"
EndProject
Project("{FAE04EC0-301F-11D3-BF4B-00C04F79EFBC}") = "VinylVault.iOS", "VinylVault\VinylVault.iOS\VinylVault.iOS.csproj", "{C2AB4B58-4EAE-43FB-A983-5774A95C9990}"
EndProject
Global
	GlobalSection(SolutionConfigurationPlatforms) = preSolution
		Debug|Any CPU = Debug|Any CPU
		Debug|ARM = Debug|ARM
		Debug|iPhone = Debug|iPhone
		Debug|iPhoneSimulator = Debug|iPhoneSimulator
		Debug|x64 = Debug|x64
		Debug|x86 = Debug|x86
		Release|Any CPU = Release|Any CPU
		Release|ARM = Release|ARM
		Release|iPhone = Release|iPhone
		Release|iPhoneSimulator = Release|iPhoneSimulator
		Release|x64 = Release|x64
		Release|x86 = Release|x86
	EndGlobalSection
	GlobalSection(ProjectConfigurationPlatforms) = postSolution
		{B012B864-A964-4BC5-AB22-B13461E5F4F1}.Debug|Any CPU.ActiveCfg = Debug|x86
		{B012B864-A964-4BC5-AB22-B13461E5F4F1}.Debug|Any CPU.Build.0 = Debug|x86
		{B012B864-A964-4BC5-AB22-B13461E5F4F1}.Debug|Any CPU.Deploy.0 = Debug|x86
		{B012B864-A964-4BC5-AB22-B13461E5F4F1}.Debug|ARM.ActiveCfg = Debug|ARM
		{B012B864-A964-4BC5-AB22-B13461E5F4F1}.Debug|ARM.Build.0 = Debug|ARM
		{B012B864-A964-4BC5-AB22-B13461E5F4F1}.Debug|ARM.Deploy.0 = Debug|ARM
		{B012B864-A964-4BC5-AB22-B13461E5F4F1}.Debug|iPhone.ActiveCfg = Debug|x86
		{B012B864-A964-4BC5-AB22-B13461E5F4F1}.Debug|iPhone.Build.0 = Debug|x86
		{B012B864-A964-4BC5-AB22-B13461E5F4F1}.Debug|iPhone.Deploy.0 = Debug|x86
		{B012B864-A964-4BC5-AB22-B13461E5F4F1}.Debug|iPhoneSimulator.ActiveCfg = Debug|x86
		{B012B864-A964-4BC5-AB22-B13461E5F4F1}.Debug|iPhoneSimulator.Build.0 = Debug|x86
		{B012B864-A964-4BC5-AB22-B13461E5F4F1}.Debug|iPhoneSimulator.Deploy.0 = Debug|x86
		{B012B864-A964-4BC5-AB22-B13461E5F4F1}.Debug|x64.ActiveCfg = Debug|x64
		{B012B864-A964-4BC5-AB22-B13461E5F4F1}.Debug|x64.Build.0 = Debug|x64
		{B012B864-A964-4BC5-AB22-B13461E5F4F1}.Debug|x64.Deploy.0 = Debug|x64
		{B012B864-A964-4BC5-AB22-B13461E5F4F1}.Debug|x86.ActiveCfg = Debug|x86
		{B012B864-A964-4BC5-AB22-B13461E5F4F1}.Debug|x86.Build.0 = Debug|x86
		{B012B864-A964-4BC5-AB22-B13461E5F4F1}.Debug|x86.Deploy.0 = Debug|x86
		{B012B864-A964-4BC5-AB22-B13461E5F4F1}.Release|Any CPU.ActiveCfg = Release|x86
		{B012B864-A964-4BC5-AB22-B13461E5F4F1}.Release|Any CPU.Build.0 = Release|x86
		{B012B864-A964-4BC5-AB22-B13461E5F4F1}.Release|Any CPU.Deploy.0 = Release|x86
		{B012B864-A964-4BC5-AB22-B13461E5F4F1}.Release|ARM.ActiveCfg = Release|ARM
		{B012B864-A964-4BC5-AB22-B13461E5F4F1}.Release|ARM.Build.0 = Release|ARM
		{B012B864-A964-4BC5-AB22-B13461E5F4F1}.Release|ARM.Deploy.0 = Release|ARM
		{B012B864-A964-4BC5-AB22-B13461E5F4F1}.Release|iPhone.ActiveCfg = Release|x86
		{B012B864-A964-4BC5-AB22-B13461E5F4F1}.Release|iPhone.Build.0 = Release|x86
		{B012B864-A964-4BC5-AB22-B13461E5F4F1}.Release|iPhone.Deploy.0 = Release|x86
		{B012B864-A964-4BC5-AB22-B13461E5F4F1}.Release|iPhoneSimulator.ActiveCfg = Release|x86
		{B012B864-A964-4BC5-AB22-B13461E5F4F1}.Release|iPhoneSimulator.Build.0 = Release|x86
		{B012B864-A964-4BC5-AB22-B13461E5F4F1}.Release|iPhoneSimulator.Deploy.0 = Release|x86
		{B012B864-A964-4BC5-AB22-B13461E5F4F1}.Release|x64.ActiveCfg = Release|x64
		{B012B864-A964-4BC5-AB22-B13461E5F4F1}.Release|x64.Build.0 = Release|x64
		{B012B864-A964-4BC5-AB22-B13461E5F4F1}.Release|x64.Deploy.0 = Release|x64
		{B012B864-A964-4BC5-AB22-B13461E5F4F1}.Release|x86.ActiveCfg = Release|x86
		{B012B864-A964-4BC5-AB22-B13461E5F4F1}.Release|x86.Build.0 = Release|x86
		{B012B864-A964-4BC5-AB22-B13461E5F4F1}.Release|x86.Deploy.0 = Release|x86
		{C8D22AB6-AEAC-47FB-9006-91C4C49C08FB}.Debug|Any CPU.ActiveCfg = Debug|Any CPU
		{C8D22AB6-AEAC-47FB-9006-91C4C49C08FB}.Debug|Any CPU.Build.0 = Debug|Any CPU
		{C8D22AB6-AEAC-47FB-9006-91C4C49C08FB}.Debug|Any CPU.Deploy.0 = Debug|Any CPU
		{C8D22AB6-AEAC-47FB-9006-91C4C49C08FB}.Debug|ARM.ActiveCfg = Debug|Any CPU
		{C8D22AB6-AEAC-47FB-9006-91C4C49C08FB}.Debug|ARM.Build.0 = Debug|Any CPU
		{C8D22AB6-AEAC-47FB-9006-91C4C49C08FB}.Debug|ARM.Deploy.0 = Debug|Any CPU
		{C8D22AB6-AEAC-47FB-9006-91C4C49C08FB}.Debug|iPhone.ActiveCfg = Debug|Any CPU
		{C8D22AB6-AEAC-47FB-9006-91C4C49C08FB}.Debug|iPhone.Build.0 = Debug|Any CPU
		{C8D22AB6-AEAC-47FB-9006-91C4C49C08FB}.Debug|iPhone.Deploy.0 = Debug|Any CPU
		{C8D22AB6-AEAC-47FB-9006-91C4C49C08FB}.Debug|iPhoneSimulator.ActiveCfg = Debug|Any CPU
		{C8D22AB6-AEAC-47FB-9006-91C4C49C08FB}.Debug|iPhoneSimulator.Build.0 = Debug|Any CPU
		{C8D22AB6-AEAC-47FB-9006-91C4C49C08FB}.Debug|iPhoneSimulator.Deploy.0 = Debug|Any CPU
		{C8D22AB6-AEAC-47FB-9006-91C4C49C08FB}.Debug|x64.ActiveCfg = Debug|Any CPU
		{C8D22AB6-AEAC-47FB-9006-91C4C49C08FB}.Debug|x64.Build.0 = Debug|Any CPU
		{C8D22AB6-AEAC-47FB-9006-91C4C49C08FB}.Debug|x64.Deploy.0 = Debug|Any CPU
		{C8D22AB6-AEAC-47FB-9006-91C4C49C08FB}.Debug|x86.ActiveCfg = Debug|Any CPU
		{C8D22AB6-AEAC-47FB-9006-91C4C49C08FB}.Debug|x86.Build.0 = Debug|Any CPU
		{C8D22AB6-AEAC-47FB-9006-91C4C49C08FB}.Debug|x86.Deploy.0 = Debug|Any CPU
		{C8D22AB6-AEAC-47FB-9006-91C4C49C08FB}.Release|Any CPU.ActiveCfg = Release|Any CPU
		{C8D22AB6-AEAC-47FB-9006-91C4C49C08FB}.Release|Any CPU.Build.0 = Release|Any CPU
		{C8D22AB6-AEAC-47FB-9006-91C4C49C08FB}.Release|Any CPU.Deploy.0 = Release|Any CPU
		{C8D22AB6-AEAC-47FB-9006-91C4C49C08FB}.Release|ARM.ActiveCfg = Release|Any CPU
		{C8D22AB6-AEAC-47FB-9006-91C4C49C08FB}.Release|ARM.Build.0 = Release|Any CPU
		{C8D22AB6-AEAC-47FB-9006-91C4C49C08FB}.Release|ARM.Deploy.0 = Release|Any CPU
		{C8D22AB6-AEAC-47FB-9006-91C4C49C08FB}.Release|iPhone.ActiveCfg = Release|Any CPU
		{C8D22AB6-AEAC-47FB-9006-91C4C49C08FB}.Release|iPhone.Build.0 = Release|Any CPU
		{C8D22AB6-AEAC-47FB-9006-91C4C49C08FB}.Release|iPhone.Deploy.0 = Release|Any CPU
		{C8D22AB6-AEAC-47FB-9006-91C4C49C08FB}.Release|iPhoneSimulator.ActiveCfg = Release|Any CPU
		{C8D22AB6-AEAC-47FB-9006-91C4C49C08FB}.Release|iPhoneSimulator.Build.0 = Release|Any CPU
		{C8D22AB6-AEAC-47FB-9006-91C4C49C08FB}.Release|iPhoneSimulator.Deploy.0 = Release|Any CPU
		{C8D22AB6-AEAC-47FB-9006-91C4C49C08FB}.Release|x64.ActiveCfg = Release|Any CPU
		{C8D22AB6-AEAC-47FB-9006-91C4C49C08FB}.Release|x64.Build.0 = Release|Any CPU
		{C8D22AB6-AEAC-47FB-9006-91C4C49C08FB}.Release|x64.Deploy.0 = Release|Any CPU
		{C8D22AB6-AEAC-47FB-9006-91C4C49C08FB}.Release|x86.ActiveCfg = Release|Any CPU
		{C8D22AB6-AEAC-47FB-9006-91C4C49C08FB}.Release|x86.Build.0 = Release|Any CPU
		{C8D22AB6-AEAC-47FB-9006-91C4C49C08FB}.Release|x86.Deploy.0 = Release|Any CPU
		{C2AB4B58-4EAE-43FB-A983-5774A95C9990}.Debug|Any CPU.ActiveCfg = Debug|iPhone
		{C2AB4B58-4EAE-43FB-A983-5774A95C9990}.Debug|ARM.ActiveCfg = Debug|iPhone
		{C2AB4B58-4EAE-43FB-A983-5774A95C9990}.Debug|iPhone.ActiveCfg = Debug|iPhone
		{C2AB4B58-4EAE-43FB-A983-5774A95C9990}.Debug|iPhone.Build.0 = Debug|iPhone
		{C2AB4B58-4EAE-43FB-A983-5774A95C9990}.Debug|iPhoneSimulator.ActiveCfg = Debug|iPhoneSimulator
		{C2AB4B58-4EAE-43FB-A983-5774A95C9990}.Debug|iPhoneSimulator.Build.0 = Debug|iPhoneSimulator
		{C2AB4B58-4EAE-43FB-A983-5774A95C9990}.Debug|x64.ActiveCfg = Debug|iPhone
		{C2AB4B58-4EAE-43FB-A983-5774A95C9990}.Debug|x86.ActiveCfg = Debug|iPhone
		{C2AB4B58-4EAE-43FB-A983-5774A95C9990}.Release|Any CPU.ActiveCfg = Release|iPhone
		{C2AB4B58-4EAE-43FB-A983-5774A95C9990}.Release|ARM.ActiveCfg = Release|iPhone
		{C2AB4B58-4EAE-43FB-A983-5774A95C9990}.Release|iPhone.ActiveCfg = Release|iPhone
		{C2AB4B58-4EAE-43FB-A983-5774A95C9990}.Release|iPhone.Build.0 = Release|iPhone
		{C2AB4B58-4EAE-43FB-A983-5774A95C9990}.Release|iPhoneSimulator.ActiveCfg = Release|iPhoneSimulator
		{C2AB4B58-4EAE-43FB-A983-5774A95C9990}.Release|iPhoneSimulator.Build.0 = Release|iPhoneSimulator
		{C2AB4B58-4EAE-43FB-A983-5774A95C9990}.Release|x64.ActiveCfg = Release|iPhone
		{C2AB4B58-4EAE-43FB-A983-5774A95C9990}.Release|x86.ActiveCfg = Release|iPhone
	EndGlobalSection
	GlobalSection(SolutionProperties) = preSolution
		HideSolutionNode = FALSE
	EndGlobalSection
	GlobalSection(ExtensibilityGlobals) = postSolution
		SolutionGuid = {F2C740AA-2CFE-4015-9EB7-00358E14F6A4}
	EndGlobalSection
EndGlobal
